
Microsoft Visual Studio Solution File, Format Version 12.00
# Visual Studio Version 16
VisualStudioVersion = 16.0.30128.74
MinimumVisualStudioVersion = 10.0.40219.1
Project("{FAE04EC0-301F-11D3-BF4B-00C04F79EFBC}") = "Communication", "Communication\Communication.csproj", "{5300E2FD-9A30-4819-8BDC-AC6A0BEF59A4}"
EndProject
Project("{FAE04EC0-301F-11D3-BF4B-00C04F79EFBC}") = "Delegate", "Delegate\Delegate.csproj", "{19126969-1BDD-4609-9E2D-78166E46F0CD}"
EndProject
Project("{FAE04EC0-301F-11D3-BF4B-00C04F79EFBC}") = "LogBuilder", "LogBuilder\LogBuilder.csproj", "{881A4A5D-ED18-4F11-A4D0-77A53BA7AFEC}"
EndProject
Project("{FAE04EC0-301F-11D3-BF4B-00C04F79EFBC}") = "SimpleThreadPool", "ThreadPool\SimpleThreadPool.csproj", "{E218EE6A-94F2-4CB1-B541-6A9A022EAAE9}"
EndProject
Project("{FAE04EC0-301F-11D3-BF4B-00C04F79EFBC}") = "XmlParser", "XmlParser\XmlParser.csproj", "{46760662-30B4-4D85-B833-68A5C09B881B}"
EndProject
Project("{FAE04EC0-301F-11D3-BF4B-00C04F79EFBC}") = "ConsoleTest", "ConsoleTest\ConsoleTest.csproj", "{4201E228-E40A-4CED-879B-D99A9A650D2C}"
EndProject
Project("{FAE04EC0-301F-11D3-BF4B-00C04F79EFBC}") = "TextReaderWriter", "TextReaderWriter\TextReaderWriter.csproj", "{EA3668B2-B1C1-43C7-9263-1B5E4B3B85E2}"
EndProject
Project("{FAE04EC0-301F-11D3-BF4B-00C04F79EFBC}") = "Armour", "Armour\Armour.csproj", "{E7C05717-1453-4487-89F8-FDBCBBE13301}"
EndProject
Project("{FAE04EC0-301F-11D3-BF4B-00C04F79EFBC}") = "DataTypeConvert", "DataTypeConvert\DataTypeConvert.csproj", "{E194B473-70B0-4D38-B81C-11B05FE05D0A}"
EndProject
Project("{FAE04EC0-301F-11D3-BF4B-00C04F79EFBC}") = "DataStruct", "DataStruct\DataStruct.csproj", "{901A2F19-AF13-4AED-B29D-C5D31C4744C9}"
EndProject
Project("{FAE04EC0-301F-11D3-BF4B-00C04F79EFBC}") = "NewFeature", "NewFeature\NewFeature.csproj", "{9B81BBC7-2DEE-49D8-90DA-130209CD88A7}"
EndProject
Global
	GlobalSection(SolutionConfigurationPlatforms) = preSolution
		Debug|Any CPU = Debug|Any CPU
		Release|Any CPU = Release|Any CPU
	EndGlobalSection
	GlobalSection(ProjectConfigurationPlatforms) = postSolution
		{5300E2FD-9A30-4819-8BDC-AC6A0BEF59A4}.Debug|Any CPU.ActiveCfg = Debug|Any CPU
		{5300E2FD-9A30-4819-8BDC-AC6A0BEF59A4}.Debug|Any CPU.Build.0 = Debug|Any CPU
		{5300E2FD-9A30-4819-8BDC-AC6A0BEF59A4}.Release|Any CPU.ActiveCfg = Release|Any CPU
		{5300E2FD-9A30-4819-8BDC-AC6A0BEF59A4}.Release|Any CPU.Build.0 = Release|Any CPU
		{19126969-1BDD-4609-9E2D-78166E46F0CD}.Debug|Any CPU.ActiveCfg = Debug|Any CPU
		{19126969-1BDD-4609-9E2D-78166E46F0CD}.Debug|Any CPU.Build.0 = Debug|Any CPU
		{19126969-1BDD-4609-9E2D-78166E46F0CD}.Release|Any CPU.ActiveCfg = Release|Any CPU
		{19126969-1BDD-4609-9E2D-78166E46F0CD}.Release|Any CPU.Build.0 = Release|Any CPU
		{881A4A5D-ED18-4F11-A4D0-77A53BA7AFEC}.Debug|Any CPU.ActiveCfg = Debug|Any CPU
		{881A4A5D-ED18-4F11-A4D0-77A53BA7AFEC}.Debug|Any CPU.Build.0 = Debug|Any CPU
		{881A4A5D-ED18-4F11-A4D0-77A53BA7AFEC}.Release|Any CPU.ActiveCfg = Release|Any CPU
		{881A4A5D-ED18-4F11-A4D0-77A53BA7AFEC}.Release|Any CPU.Build.0 = Release|Any CPU
		{E218EE6A-94F2-4CB1-B541-6A9A022EAAE9}.Debug|Any CPU.ActiveCfg = Debug|Any CPU
		{E218EE6A-94F2-4CB1-B541-6A9A022EAAE9}.Debug|Any CPU.Build.0 = Debug|Any CPU
		{E218EE6A-94F2-4CB1-B541-6A9A022EAAE9}.Release|Any CPU.ActiveCfg = Release|Any CPU
		{E218EE6A-94F2-4CB1-B541-6A9A022EAAE9}.Release|Any CPU.Build.0 = Release|Any CPU
		{46760662-30B4-4D85-B833-68A5C09B881B}.Debug|Any CPU.ActiveCfg = Debug|Any CPU
		{46760662-30B4-4D85-B833-68A5C09B881B}.Debug|Any CPU.Build.0 = Debug|Any CPU
		{46760662-30B4-4D85-B833-68A5C09B881B}.Release|Any CPU.ActiveCfg = Release|Any CPU
		{46760662-30B4-4D85-B833-68A5C09B881B}.Release|Any CPU.Build.0 = Release|Any CPU
		{4201E228-E40A-4CED-879B-D99A9A650D2C}.Debug|Any CPU.ActiveCfg = Debug|Any CPU
		{4201E228-E40A-4CED-879B-D99A9A650D2C}.Debug|Any CPU.Build.0 = Debug|Any CPU
		{4201E228-E40A-4CED-879B-D99A9A650D2C}.Release|Any CPU.ActiveCfg = Release|Any CPU
		{4201E228-E40A-4CED-879B-D99A9A650D2C}.Release|Any CPU.Build.0 = Release|Any CPU
		{EA3668B2-B1C1-43C7-9263-1B5E4B3B85E2}.Debug|Any CPU.ActiveCfg = Debug|Any CPU
		{EA3668B2-B1C1-43C7-9263-1B5E4B3B85E2}.Debug|Any CPU.Build.0 = Debug|Any CPU
		{EA3668B2-B1C1-43C7-9263-1B5E4B3B85E2}.Release|Any CPU.ActiveCfg = Release|Any CPU
		{EA3668B2-B1C1-43C7-9263-1B5E4B3B85E2}.Release|Any CPU.Build.0 = Release|Any CPU
		{E7C05717-1453-4487-89F8-FDBCBBE13301}.Debug|Any CPU.ActiveCfg = Debug|Any CPU
		{E7C05717-1453-4487-89F8-FDBCBBE13301}.Debug|Any CPU.Build.0 = Debug|Any CPU
		{E7C05717-1453-4487-89F8-FDBCBBE13301}.Release|Any CPU.ActiveCfg = Release|Any CPU
		{E7C05717-1453-4487-89F8-FDBCBBE13301}.Release|Any CPU.Build.0 = Release|Any CPU
		{E194B473-70B0-4D38-B81C-11B05FE05D0A}.Debug|Any CPU.ActiveCfg = Debug|Any CPU
		{E194B473-70B0-4D38-B81C-11B05FE05D0A}.Debug|Any CPU.Build.0 = Debug|Any CPU
		{E194B473-70B0-4D38-B81C-11B05FE05D0A}.Release|Any CPU.ActiveCfg = Release|Any CPU
		{E194B473-70B0-4D38-B81C-11B05FE05D0A}.Release|Any CPU.Build.0 = Release|Any CPU
		{901A2F19-AF13-4AED-B29D-C5D31C4744C9}.Debug|Any CPU.ActiveCfg = Debug|Any CPU
		{901A2F19-AF13-4AED-B29D-C5D31C4744C9}.Debug|Any CPU.Build.0 = Debug|Any CPU
		{901A2F19-AF13-4AED-B29D-C5D31C4744C9}.Release|Any CPU.ActiveCfg = Release|Any CPU
		{901A2F19-AF13-4AED-B29D-C5D31C4744C9}.Release|Any CPU.Build.0 = Release|Any CPU
		{9B81BBC7-2DEE-49D8-90DA-130209CD88A7}.Debug|Any CPU.ActiveCfg = Debug|Any CPU
		{9B81BBC7-2DEE-49D8-90DA-130209CD88A7}.Debug|Any CPU.Build.0 = Debug|Any CPU
		{9B81BBC7-2DEE-49D8-90DA-130209CD88A7}.Release|Any CPU.ActiveCfg = Release|Any CPU
		{9B81BBC7-2DEE-49D8-90DA-130209CD88A7}.Release|Any CPU.Build.0 = Release|Any CPU
	EndGlobalSection
	GlobalSection(SolutionProperties) = preSolution
		HideSolutionNode = FALSE
	EndGlobalSection
	GlobalSection(ExtensibilityGlobals) = postSolution
		SolutionGuid = {224C287B-7511-41C9-AFE5-5A40BD386059}
	EndGlobalSection
EndGlobal
